
Microsoft Visual Studio Solution File, Format Version 12.00
# Visual Studio 2013
Project("{FAE04EC0-301F-11D3-BF4B-00C04F79EFBC}") = "Mouton.CSharp", "Mouton.CSharp.csproj", "{BA7D7DC5-5F18-9BE9-20AB-463F71E9AD85}"
EndProject
Global
	GlobalSection(SolutionConfigurationPlatforms) = preSolution
		Debug|Any CPU = Debug|Any CPU
		Release|Any CPU = Release|Any CPU
	EndGlobalSection
	GlobalSection(ProjectConfigurationPlatforms) = postSolution
		{BA7D7DC5-5F18-9BE9-20AB-463F71E9AD85}.Debug|Any CPU.ActiveCfg = Debug|Any CPU
		{BA7D7DC5-5F18-9BE9-20AB-463F71E9AD85}.Debug|Any CPU.Build.0 = Debug|Any CPU
		{BA7D7DC5-5F18-9BE9-20AB-463F71E9AD85}.Release|Any CPU.ActiveCfg = Release|Any CPU
		{BA7D7DC5-5F18-9BE9-20AB-463F71E9AD85}.Release|Any CPU.Build.0 = Release|Any CPU
	EndGlobalSection
	GlobalSection(SolutionProperties) = preSolution
		HideSolutionNode = FALSE
	EndGlobalSection
EndGlobal
